
Microsoft Visual Studio Solution File, Format Version 12.00
# Visual Studio Version 17
VisualStudioVersion = 17.7.34024.191
MinimumVisualStudioVersion = 10.0.40219.1
Project("{FAE04EC0-301F-11D3-BF4B-00C04F79EFBC}") = "Contacts Management Application", "Contacts Management Application\Contacts Management Application.csproj", "{3BAF53CC-6171-4A87-855A-F41F3DDC2389}"
EndProject
Global
	GlobalSection(SolutionConfigurationPlatforms) = preSolution
		Debug|Any CPU = Debug|Any CPU
		Release|Any CPU = Release|Any CPU
	EndGlobalSection
	GlobalSection(ProjectConfigurationPlatforms) = postSolution
		{3BAF53CC-6171-4A87-855A-F41F3DDC2389}.Debug|Any CPU.ActiveCfg = Debug|Any CPU
		{3BAF53CC-6171-4A87-855A-F41F3DDC2389}.Debug|Any CPU.Build.0 = Debug|Any CPU
		{3BAF53CC-6171-4A87-855A-F41F3DDC2389}.Release|Any CPU.ActiveCfg = Release|Any CPU
		{3BAF53CC-6171-4A87-855A-F41F3DDC2389}.Release|Any CPU.Build.0 = Release|Any CPU
	EndGlobalSection
	GlobalSection(SolutionProperties) = preSolution
		HideSolutionNode = FALSE
	EndGlobalSection
	GlobalSection(ExtensibilityGlobals) = postSolution
		SolutionGuid = {1104D9BA-A46A-4B66-8A18-9BBC97103B66}
	EndGlobalSection
EndGlobal
